
Microsoft Visual Studio Solution File, Format Version 12.00
# Visual Studio Version 16
VisualStudioVersion = 16.0.29201.188
MinimumVisualStudioVersion = 10.0.40219.1
Project("{FAE04EC0-301F-11D3-BF4B-00C04F79EFBC}") = "Orders", "src\Orders\Orders.csproj", "{5FBE6399-1F83-49B9-A9BD-E3BA2341128C}"
EndProject
Global
	GlobalSection(SolutionConfigurationPlatforms) = preSolution
		Debug|Any CPU = Debug|Any CPU
		Release|Any CPU = Release|Any CPU
	EndGlobalSection
	GlobalSection(ProjectConfigurationPlatforms) = postSolution
		{5FBE6399-1F83-49B9-A9BD-E3BA2341128C}.Debug|Any CPU.ActiveCfg = Debug|Any CPU
		{5FBE6399-1F83-49B9-A9BD-E3BA2341128C}.Debug|Any CPU.Build.0 = Debug|Any CPU
		{5FBE6399-1F83-49B9-A9BD-E3BA2341128C}.Release|Any CPU.ActiveCfg = Release|Any CPU
		{5FBE6399-1F83-49B9-A9BD-E3BA2341128C}.Release|Any CPU.Build.0 = Release|Any CPU
	EndGlobalSection
	GlobalSection(SolutionProperties) = preSolution
		HideSolutionNode = FALSE
	EndGlobalSection
	GlobalSection(ExtensibilityGlobals) = postSolution
		SolutionGuid = {DA432CEB-4914-456B-960A-203329E7444D}
	EndGlobalSection
EndGlobal
